<?xml version="1.0" encoding="utf-8"?>
<Project ToolsVersion="4.0" xmlns="http://schemas.microsoft.com/developer/msbuild/2003">
  <ItemGroup>
    <Filter Include="Zdrojové soubory">
      <UniqueIdentifier>{4FC737F1-C7A5-4376-A066-2A32D752A2FF}</UniqueIdentifier>
      <Extensions>cpp;c;cc;cxx;def;odl;idl;hpj;bat;asm;asmx</Extensions>
    </Filter>
    <Filter Include="Hlavičkové soubory">
      <UniqueIdentifier>{93995380-89BD-4b04-88EB-625FBE52EBFB}</UniqueIdentifier>
      <Extensions>h;hh;hpp;hxx;hm;inl;inc;xsd</Extensions>
    </Filter>
    <Filter Include="Soubory zdrojů">
      <UniqueIdentifier>{67DA6AB6-F800-4c08-8B7A-83BB121AAD01}</UniqueIdentifier>
      <Extensions>rc;ico;cur;bmp;dlg;rc2;rct;bin;rgs;gif;jpg;jpeg;jpe;resx;tiff;tif;png;wav;mfcribbon-ms</Extensions>
    </Filter>
    <Filter Include="Soubory zdrojů\Player">
      <UniqueIdentifier>{90a48856-5f38-47a8-9ed8-33d7c81866b0}</UniqueIdentifier>
    </Filter>
  </ItemGroup>
  <ItemGroup>
    <None Include="packages.config" />
  </ItemGroup>
  <ItemGroup>
    <ClCompile Include="main.cpp">
      <Filter>Zdrojové soubory</Filter>
    </ClCompile>
    <ClCompile Include="Setup.cpp">
      <Filter>Zdrojové soubory</Filter>
    </ClCompile>
    <ClCompile Include="GameObject.cpp">
      <Filter>Zdrojové soubory</Filter>
    </ClCompile>
    <ClCompile Include="Wall.cpp">
      <Filter>Zdrojové soubory</Filter>
    </ClCompile>
    <ClCompile Include="Player.cpp">
      <Filter>Zdrojové soubory</Filter>
    </ClCompile>
    <ClCompile Include="Collider.cpp">
      <Filter>Zdrojové soubory</Filter>
    </ClCompile>
    <ClCompile Include="Animation.cpp">
      <Filter>Zdrojové soubory</Filter>
    </ClCompile>
    <ClCompile Include="AllegroHandling.cpp">
      <Filter>Zdrojové soubory</Filter>
    </ClCompile>
    <ClCompile Include="Spell.cpp">
      <Filter>Zdrojové soubory</Filter>
    </ClCompile>
    <ClCompile Include="GameMap.cpp">
      <Filter>Zdrojové soubory</Filter>
    </ClCompile>
    <ClCompile Include="ActiveGameObject.cpp">
      <Filter>Zdrojové soubory</Filter>
    </ClCompile>
    <ClCompile Include="ObjectsCreation.cpp">
      <Filter>Hlavičkové soubory</Filter>
    </ClCompile>
  </ItemGroup>
  <ItemGroup>
    <ClInclude Include="Setup.h">
      <Filter>Hlavičkové soubory</Filter>
    </ClInclude>
    <ClInclude Include="Header.h">
      <Filter>Hlavičkové soubory</Filter>
    </ClInclude>
    <ClInclude Include="GameObject.h">
      <Filter>Hlavičkové soubory</Filter>
    </ClInclude>
    <ClInclude Include="Wall.h">
      <Filter>Hlavičkové soubory</Filter>
    </ClInclude>
    <ClInclude Include="Objects.h">
      <Filter>Hlavičkové soubory</Filter>
    </ClInclude>
    <ClInclude Include="Player.h">
      <Filter>Hlavičkové soubory</Filter>
    </ClInclude>
    <ClInclude Include="Collider.h">
      <Filter>Hlavičkové soubory</Filter>
    </ClInclude>
    <ClInclude Include="Animation.h">
      <Filter>Hlavičkové soubory</Filter>
    </ClInclude>
    <ClInclude Include="AllegroHandling.h">
      <Filter>Hlavičkové soubory</Filter>
    </ClInclude>
    <ClInclude Include="Spell.h">
      <Filter>Hlavičkové soubory</Filter>
    </ClInclude>
    <ClInclude Include="Constants.h">
      <Filter>Hlavičkové soubory</Filter>
    </ClInclude>
    <ClInclude Include="GameMap.h">
      <Filter>Hlavičkové soubory</Filter>
    </ClInclude>
    <ClInclude Include="ActiveGameObject.h">
      <Filter>Hlavičkové soubory</Filter>
    </ClInclude>
    <ClInclude Include="ObjectsCreation.h">
      <Filter>Hlavičkové soubory</Filter>
    </ClInclude>
  </ItemGroup>
  <ItemGroup>
    <Image Include="Resources\image.png">
      <Filter>Soubory zdrojů</Filter>
    </Image>
    <Image Include="Resources\Player_back.png">
      <Filter>Soubory zdrojů\Player</Filter>
    </Image>
    <Image Include="Resources\Player_back_attack.png">
      <Filter>Soubory zdrojů\Player</Filter>
    </Image>
    <Image Include="Resources\Player_back_going1.png">
      <Filter>Soubory zdrojů\Player</Filter>
    </Image>
    <Image Include="Resources\Player_back_going1_attack.png">
      <Filter>Soubory zdrojů\Player</Filter>
    </Image>
    <Image Include="Resources\Player_back_going2.png">
      <Filter>Soubory zdrojů\Player</Filter>
    </Image>
    <Image Include="Resources\Player_back_going2_attack.png">
      <Filter>Soubory zdrojů\Player</Filter>
    </Image>
    <Image Include="Resources\Player_front.png">
      <Filter>Soubory zdrojů\Player</Filter>
    </Image>
    <Image Include="Resources\Player_front_attack.png">
      <Filter>Soubory zdrojů\Player</Filter>
    </Image>
    <Image Include="Resources\Player_front_going1.png">
      <Filter>Soubory zdrojů\Player</Filter>
    </Image>
    <Image Include="Resources\Player_front_going1_attack.png">
      <Filter>Soubory zdrojů\Player</Filter>
    </Image>
    <Image Include="Resources\Player_front_going2.png">
      <Filter>Soubory zdrojů\Player</Filter>
    </Image>
    <Image Include="Resources\Player_front_going2_attack.png">
      <Filter>Soubory zdrojů\Player</Filter>
    </Image>
    <Image Include="Resources\Player_left.png">
      <Filter>Soubory zdrojů\Player</Filter>
    </Image>
    <Image Include="Resources\Player_left_attack.png">
      <Filter>Soubory zdrojů\Player</Filter>
    </Image>
    <Image Include="Resources\Player_left_going1.png">
      <Filter>Soubory zdrojů\Player</Filter>
    </Image>
    <Image Include="Resources\Player_left_going1_attack.png">
      <Filter>Soubory zdrojů\Player</Filter>
    </Image>
    <Image Include="Resources\Player_left_going2.png">
      <Filter>Soubory zdrojů\Player</Filter>
    </Image>
    <Image Include="Resources\Player_left_going2_attack.png">
      <Filter>Soubory zdrojů\Player</Filter>
    </Image>
    <Image Include="Resources\Player_right.png">
      <Filter>Soubory zdrojů\Player</Filter>
    </Image>
    <Image Include="Resources\Player_right_attack.png">
      <Filter>Soubory zdrojů\Player</Filter>
    </Image>
    <Image Include="Resources\Player_right_going1.png">
      <Filter>Soubory zdrojů\Player</Filter>
    </Image>
    <Image Include="Resources\Player_right_going1_attack.png">
      <Filter>Soubory zdrojů\Player</Filter>
    </Image>
    <Image Include="Resources\Player_right_going2.png">
      <Filter>Soubory zdrojů\Player</Filter>
    </Image>
    <Image Include="Resources\Player_right_going2_attack.png">
      <Filter>Soubory zdrojů\Player</Filter>
    </Image>
  </ItemGroup>
</Project>